// !$*UTF8*$!
{
	archiveVersion = 1;
	classes = {
	};
	objectVersion = 56;
	objects = {

/* Begin PBXBuildFile section */
		B70B7A929BF74C448DF73F07 /* RB3ImporterApp.swift in Sources */ = {isa = PBXBuildFile; fileRef = 04240477FB544EF49AD7A905 /* RB3ImporterApp.swift */; };
		3C9806C146C44FABADCDD1A3 /* ContentView.swift in Sources */ = {isa = PBXBuildFile; fileRef = EFFF8DE613304685851595E8 /* ContentView.swift */; };
		89365B21C7F54934B94CCE45 /* STFSPackage.swift in Sources */ = {isa = PBXBuildFile; fileRef = 23CCBC69B27948239CE12E63 /* STFSPackage.swift */; };
		4790BCB7253D4B03A3CF4139 /* DriveManager.swift in Sources */ = {isa = PBXBuildFile; fileRef = 77F2A1C6EDAB4368A5AD4DF6 /* DriveManager.swift */; };
		A5EAF324639E482A976BAB75 /* ImportManager.swift in Sources */ = {isa = PBXBuildFile; fileRef = C93F390ADAEB4D0DB7F8085E /* ImportManager.swift */; };
		1B1CD6BB90AD4E65BF905B4D /* Assets.xcassets in Resources */ = {isa = PBXBuildFile; fileRef = 3A72C6A8C2A9449CA594B94E /* Assets.xcassets */; };
		AA11111111111111AAAAAAAA /* LibraryManager.swift in Sources */ = {isa = PBXBuildFile; fileRef = BB11111111111111BBBBBBBB /* LibraryManager.swift */; };
		AA22222222222222AAAAAAAA /* LibraryView.swift in Sources */ = {isa = PBXBuildFile; fileRef = BB22222222222222BBBBBBBB /* LibraryView.swift */; };
		AA33333333333333AAAAAAAA /* DriveView.swift in Sources */ = {isa = PBXBuildFile; fileRef = BB33333333333333BBBBBBBB /* DriveView.swift */; };
		AA44444444444444AAAAAAAA /* MetadataEditorView.swift in Sources */ = {isa = PBXBuildFile; fileRef = BB44444444444444BBBBBBBB /* MetadataEditorView.swift */; };
		AA55555555555555AAAAAAAA /* DuplicateResolverView.swift in Sources */ = {isa = PBXBuildFile; fileRef = BB55555555555555BBBBBBBB /* DuplicateResolverView.swift */; };
/* End PBXBuildFile section */

/* Begin PBXFileReference section */
		04240477FB544EF49AD7A905 /* RB3ImporterApp.swift */ = {isa = PBXFileReference; lastKnownFileType = sourcecode.swift; path = RB3ImporterApp.swift; sourceTree = "<group>"; };
		EFFF8DE613304685851595E8 /* ContentView.swift */ = {isa = PBXFileReference; lastKnownFileType = sourcecode.swift; path = ContentView.swift; sourceTree = "<group>"; };
		23CCBC69B27948239CE12E63 /* STFSPackage.swift */ = {isa = PBXFileReference; lastKnownFileType = sourcecode.swift; path = STFSPackage.swift; sourceTree = "<group>"; };
		77F2A1C6EDAB4368A5AD4DF6 /* DriveManager.swift */ = {isa = PBXFileReference; lastKnownFileType = sourcecode.swift; path = DriveManager.swift; sourceTree = "<group>"; };
		C93F390ADAEB4D0DB7F8085E /* ImportManager.swift */ = {isa = PBXFileReference; lastKnownFileType = sourcecode.swift; path = ImportManager.swift; sourceTree = "<group>"; };
		3A72C6A8C2A9449CA594B94E /* Assets.xcassets */ = {isa = PBXFileReference; lastKnownFileType = folder.assetcatalog; path = Assets.xcassets; sourceTree = "<group>"; };
		9E009F2A1E81439DB2435CDE /* RB3Importer.app */ = {isa = PBXFileReference; explicitFileType = wrapper.application; includeInIndex = 0; path = RB3Importer.app; sourceTree = BUILT_PRODUCTS_DIR; };
		BB11111111111111BBBBBBBB /* LibraryManager.swift */ = {isa = PBXFileReference; lastKnownFileType = sourcecode.swift; path = LibraryManager.swift; sourceTree = "<group>"; };
		BB22222222222222BBBBBBBB /* LibraryView.swift */ = {isa = PBXFileReference; lastKnownFileType = sourcecode.swift; path = LibraryView.swift; sourceTree = "<group>"; };
		BB33333333333333BBBBBBBB /* DriveView.swift */ = {isa = PBXFileReference; lastKnownFileType = sourcecode.swift; path = DriveView.swift; sourceTree = "<group>"; };
		BB44444444444444BBBBBBBB /* MetadataEditorView.swift */ = {isa = PBXFileReference; lastKnownFileType = sourcecode.swift; path = MetadataEditorView.swift; sourceTree = "<group>"; };
		BB55555555555555BBBBBBBB /* DuplicateResolverView.swift */ = {isa = PBXFileReference; lastKnownFileType = sourcecode.swift; path = DuplicateResolverView.swift; sourceTree = "<group>"; };
/* End PBXFileReference section */

/* Begin PBXFrameworksBuildPhase section */
		49CBD17A1A3B40C9B8BE6188 /* Frameworks */ = {
			isa = PBXFrameworksBuildPhase;
			buildActionMask = 2147483647;
			files = (
			);
			runOnlyForDeploymentPostprocessing = 0;
		};
/* End PBXFrameworksBuildPhase section */

/* Begin PBXGroup section */
		B304EB4B02624049811F5581 /* RB3Importer */ = {
			isa = PBXGroup;
			children = (
				04240477FB544EF49AD7A905 /* RB3ImporterApp.swift */,
				EFFF8DE613304685851595E8 /* ContentView.swift */,
				23CCBC69B27948239CE12E63 /* STFSPackage.swift */,
				77F2A1C6EDAB4368A5AD4DF6 /* DriveManager.swift */,
				C93F390ADAEB4D0DB7F8085E /* ImportManager.swift */,
				BB11111111111111BBBBBBBB /* LibraryManager.swift */,
				BB22222222222222BBBBBBBB /* LibraryView.swift */,
				BB33333333333333BBBBBBBB /* DriveView.swift */,
				BB44444444444444BBBBBBBB /* MetadataEditorView.swift */,
				BB55555555555555BBBBBBBB /* DuplicateResolverView.swift */,
				3A72C6A8C2A9449CA594B94E /* Assets.xcassets */,
			);
			path = RB3Importer;
			sourceTree = "<group>";
		};
		8A05E524353F40B89C037E55 /* Products */ = {
			isa = PBXGroup;
			children = (
				9E009F2A1E81439DB2435CDE /* RB3Importer.app */,
			);
			name = Products;
			sourceTree = "<group>";
		};
		D3B3BB08344241FF9116273C = {
			isa = PBXGroup;
			children = (
				B304EB4B02624049811F5581 /* RB3Importer */,
				8A05E524353F40B89C037E55 /* Products */,
			);
			sourceTree = "<group>";
		};
/* End PBXGroup section */

/* Begin PBXNativeTarget section */
		E46D652D109D4DB08919D3F6 /* RB3Importer */ = {
			isa = PBXNativeTarget;
			buildConfigurationList = 4B826CFB9BE244AF9B0E09CC /* Build configuration list for PBXNativeTarget "RB3Importer" */;
			buildPhases = (
				3D6C5ED8553F40CD8CC31011 /* Sources */,
				49CBD17A1A3B40C9B8BE6188 /* Frameworks */,
				1C2479212C914272AE5C37B4 /* Resources */,
			);
			buildRules = (
			);
			dependencies = (
			);
			name = RB3Importer;
			productName = RB3Importer;
			productReference = 9E009F2A1E81439DB2435CDE /* RB3Importer.app */;
			productType = "com.apple.product-type.application";
		};
/* End PBXNativeTarget section */

/* Begin PBXProject section */
		CB64E051863B4B4397B6B99A /* Project object */ = {
			isa = PBXProject;
			attributes = {
				BuildIndependentTargetsInParallel = 1;
				LastSwiftUpdateCheck = 1600;
				LastUpgradeCheck = 1600;
				TargetAttributes = {
					E46D652D109D4DB08919D3F6 = {
						CreatedOnToolsVersion = 16.0;
					};
				};
			};
			buildConfigurationList = CF0B0C920F9044D18EF142A5 /* Build configuration list for PBXProject "RB3Importer" */;
			compatibilityVersion = "Xcode 14.0";
			developmentRegion = en;
			hasScannedForEncodings = 0;
			knownRegions = (
				en,
				Base,
			);
			mainGroup = D3B3BB08344241FF9116273C;
			productRefGroup = 8A05E524353F40B89C037E55 /* Products */;
			projectDirPath = "";
			projectRoot = "";
			targets = (
				E46D652D109D4DB08919D3F6 /* RB3Importer */,
			);
		};
/* End PBXProject section */

/* Begin PBXResourcesBuildPhase section */
		1C2479212C914272AE5C37B4 /* Resources */ = {
			isa = PBXResourcesBuildPhase;
			buildActionMask = 2147483647;
			files = (
				1B1CD6BB90AD4E65BF905B4D /* Assets.xcassets in Resources */,
			);
			runOnlyForDeploymentPostprocessing = 0;
		};
/* End PBXResourcesBuildPhase section */

/* Begin PBXSourcesBuildPhase section */
		3D6C5ED8553F40CD8CC31011 /* Sources */ = {
			isa = PBXSourcesBuildPhase;
			buildActionMask = 2147483647;
			files = (
				B70B7A929BF74C448DF73F07 /* RB3ImporterApp.swift in Sources */,
				3C9806C146C44FABADCDD1A3 /* ContentView.swift in Sources */,
				89365B21C7F54934B94CCE45 /* STFSPackage.swift in Sources */,
				4790BCB7253D4B03A3CF4139 /* DriveManager.swift in Sources */,
				A5EAF324639E482A976BAB75 /* ImportManager.swift in Sources */,
				AA11111111111111AAAAAAAA /* LibraryManager.swift in Sources */,
				AA22222222222222AAAAAAAA /* LibraryView.swift in Sources */,
				AA33333333333333AAAAAAAA /* DriveView.swift in Sources */,
				AA44444444444444AAAAAAAA /* MetadataEditorView.swift in Sources */,
				AA55555555555555AAAAAAAA /* DuplicateResolverView.swift in Sources */,
			);
			runOnlyForDeploymentPostprocessing = 0;
		};
/* End PBXSourcesBuildPhase section */

/* Begin XCBuildConfiguration section */
		99BD87FCAC2D4F3C98EB353C /* Debug */ = {
			isa = XCBuildConfiguration;
			buildSettings = {
				ALWAYS_SEARCH_USER_PATHS = NO;
				ASSETCATALOG_COMPILER_GENERATE_SWIFT_ASSET_SYMBOL_EXTENSIONS = YES;
				CLANG_ANALYZER_NONNULL = YES;
				CLANG_ANALYZER_NUMBER_OBJECT_CONVERSION = YES_AGGRESSIVE;
				CLANG_CXX_LANGUAGE_STANDARD = "gnu++20";
				CLANG_ENABLE_MODULES = YES;
				CLANG_ENABLE_OBJC_ARC = YES;
				CLANG_ENABLE_OBJC_WEAK = YES;
				CLANG_WARN_BLOCK_CAPTURE_AUTORELEASING = YES;
				CLANG_WARN_BOOL_CONVERSION = YES;
				CLANG_WARN_COMMA = YES;
				CLANG_WARN_CONSTANT_CONVERSION = YES;
				CLANG_WARN_DEPRECATED_OBJC_IMPLEMENTATIONS = YES;
				CLANG_WARN_DIRECT_OBJC_ISA_USAGE = YES_ERROR;
				CLANG_WARN_DOCUMENTATION_COMMENTS = YES;
				CLANG_WARN_EMPTY_BODY = YES;
				CLANG_WARN_ENUM_CONVERSION = YES;
				CLANG_WARN_INFINITE_RECURSION = YES;
				CLANG_WARN_INT_CONVERSION = YES;
				CLANG_WARN_NON_LITERAL_NULL_CONVERSION = YES;
				CLANG_WARN_OBJC_IMPLICIT_RETAIN_SELF = YES;
				CLANG_WARN_OBJC_LITERAL_CONVERSION = YES;
				CLANG_WARN_OBJC_ROOT_CLASS = YES_ERROR;
				CLANG_WARN_QUOTED_INCLUDE_IN_FRAMEWORK_HEADER = YES;
				CLANG_WARN_RANGE_LOOP_ANALYSIS = YES;
				CLANG_WARN_STRICT_PROTOTYPES = YES;
				CLANG_WARN_SUSPICIOUS_MOVE = YES;
				CLANG_WARN_UNGUARDED_AVAILABILITY = YES_AGGRESSIVE;
				CLANG_WARN_UNREACHABLE_CODE = YES;
				CLANG_WARN__DUPLICATE_METHOD_MATCH = YES;
				COPY_PHASE_STRIP = NO;
				DEBUG_INFORMATION_FORMAT = dwarf;
				ENABLE_STRICT_OBJC_MSGSEND = YES;
				ENABLE_TESTABILITY = YES;
				ENABLE_USER_SCRIPT_SANDBOXING = YES;
				GCC_C_LANGUAGE_STANDARD = gnu17;
				GCC_DYNAMIC_NO_PIC = NO;
				GCC_NO_COMMON_BLOCKS = YES;
				GCC_OPTIMIZATION_LEVEL = 0;
				GCC_PREPROCESSOR_DEFINITIONS = (
					"DEBUG=1",
					"$(inherited)",
				);
				GCC_WARN_64_TO_32_BIT_CONVERSION = YES;
				GCC_WARN_ABOUT_RETURN_TYPE = YES_ERROR;
				GCC_WARN_UNDECLARED_SELECTOR = YES;
				GCC_WARN_UNINITIALIZED_AUTOS = YES_AGGRESSIVE;
				GCC_WARN_UNUSED_FUNCTION = YES;
				GCC_WARN_UNUSED_VARIABLE = YES;
				LOCALIZATION_PREFERS_STRING_CATALOGS = YES;
				MACOSX_DEPLOYMENT_TARGET = 14.0;
				MTL_ENABLE_DEBUG_INFO = INCLUDE_SOURCE;
				MTL_FAST_MATH = YES;
				ONLY_ACTIVE_ARCH = YES;
				SDKROOT = macosx;
				SWIFT_ACTIVE_COMPILATION_CONDITIONS = "DEBUG $(inherited)";
				SWIFT_OPTIMIZATION_LEVEL = "-Onone";
			};
			name = Debug;
		};
		18BE2AB34B21475DB92F47D7 /* Release */ = {
			isa = XCBuildConfiguration;
			buildSettings = {
				ALWAYS_SEARCH_USER_PATHS = NO;
				ASSETCATALOG_COMPILER_GENERATE_SWIFT_ASSET_SYMBOL_EXTENSIONS = YES;
				CLANG_ANALYZER_NONNULL = YES;
				CLANG_ANALYZER_NUMBER_OBJECT_CONVERSION = YES_AGGRESSIVE;
				CLANG_CXX_LANGUAGE_STANDARD = "gnu++20";
				CLANG_ENABLE_MODULES = YES;
				CLANG_ENABLE_OBJC_ARC = YES;
				CLANG_ENABLE_OBJC_WEAK = YES;
				CLANG_WARN_BLOCK_CAPTURE_AUTORELEASING = YES;
				CLANG_WARN_BOOL_CONVERSION = YES;
				CLANG_WARN_COMMA = YES;
				CLANG_WARN_CONSTANT_CONVERSION = YES;
				CLANG_WARN_DEPRECATED_OBJC_IMPLEMENTATIONS = YES;
				CLANG_WARN_DIRECT_OBJC_ISA_USAGE = YES_ERROR;
				CLANG_WARN_DOCUMENTATION_COMMENTS = YES;
				CLANG_WARN_EMPTY_BODY = YES;
				CLANG_WARN_ENUM_CONVERSION = YES;
				CLANG_WARN_INFINITE_RECURSION = YES;
				CLANG_WARN_INT_CONVERSION = YES;
				CLANG_WARN_NON_LITERAL_NULL_CONVERSION = YES;
				CLANG_WARN_OBJC_IMPLICIT_RETAIN_SELF = YES;
				CLANG_WARN_OBJC_LITERAL_CONVERSION = YES;
				CLANG_WARN_OBJC_ROOT_CLASS = YES_ERROR;
				CLANG_WARN_QUOTED_INCLUDE_IN_FRAMEWORK_HEADER = YES;
				CLANG_WARN_RANGE_LOOP_ANALYSIS = YES;
				CLANG_WARN_STRICT_PROTOTYPES = YES;
				CLANG_WARN_SUSPICIOUS_MOVE = YES;
				CLANG_WARN_UNGUARDED_AVAILABILITY = YES_AGGRESSIVE;
				CLANG_WARN_UNREACHABLE_CODE = YES;
				CLANG_WARN__DUPLICATE_METHOD_MATCH = YES;
				COPY_PHASE_STRIP = NO;
				DEBUG_INFORMATION_FORMAT = "dwarf-with-dsym";
				ENABLE_NS_ASSERTIONS = NO;
				ENABLE_STRICT_OBJC_MSGSEND = YES;
				ENABLE_USER_SCRIPT_SANDBOXING = YES;
				GCC_C_LANGUAGE_STANDARD = gnu17;
				GCC_NO_COMMON_BLOCKS = YES;
				GCC_WARN_64_TO_32_BIT_CONVERSION = YES;
				GCC_WARN_ABOUT_RETURN_TYPE = YES_ERROR;
				GCC_WARN_UNDECLARED_SELECTOR = YES;
				GCC_WARN_UNINITIALIZED_AUTOS = YES_AGGRESSIVE;
				GCC_WARN_UNUSED_FUNCTION = YES;
				GCC_WARN_UNUSED_VARIABLE = YES;
				LOCALIZATION_PREFERS_STRING_CATALOGS = YES;
				MACOSX_DEPLOYMENT_TARGET = 14.0;
				MTL_FAST_MATH = YES;
				SDKROOT = macosx;
				SWIFT_COMPILATION_MODE = wholemodule;
			};
			name = Release;
		};
		39BBBEE226364490B000A504 /* Debug */ = {
			isa = XCBuildConfiguration;
			buildSettings = {
				ASSETCATALOG_COMPILER_APPICON_NAME = AppIcon;
				ASSETCATALOG_COMPILER_GLOBAL_ACCENT_COLOR_NAME = AccentColor;
				CODE_SIGN_ENTITLEMENTS = "";
				CODE_SIGN_STYLE = Automatic;
				COMBINE_HIDPI_IMAGES = YES;
				CURRENT_PROJECT_VERSION = 1;
				DEVELOPMENT_TEAM = "";
				ENABLE_HARDENED_RUNTIME = NO;
				GENERATE_INFOPLIST_FILE = YES;
				INFOPLIST_KEY_CFBundleDisplayName = "RB3 Importer";
				INFOPLIST_KEY_NSHumanReadableCopyright = "";
				INFOPLIST_KEY_NSPrincipalClass = NSApplication;
				MARKETING_VERSION = 1.0;
				PRODUCT_BUNDLE_IDENTIFIER = com.rb3importer.app;
				PRODUCT_NAME = "$(TARGET_NAME)";
				SWIFT_EMIT_LOC_STRINGS = YES;
				SWIFT_VERSION = 5.0;
			};
			name = Debug;
		};
		486CEF2CDCAB442DAEC087E5 /* Release */ = {
			isa = XCBuildConfiguration;
			buildSettings = {
				ASSETCATALOG_COMPILER_APPICON_NAME = AppIcon;
				ASSETCATALOG_COMPILER_GLOBAL_ACCENT_COLOR_NAME = AccentColor;
				CODE_SIGN_ENTITLEMENTS = "";
				CODE_SIGN_STYLE = Automatic;
				COMBINE_HIDPI_IMAGES = YES;
				CURRENT_PROJECT_VERSION = 1;
				DEVELOPMENT_TEAM = "";
				ENABLE_HARDENED_RUNTIME = NO;
				GENERATE_INFOPLIST_FILE = YES;
				INFOPLIST_KEY_CFBundleDisplayName = "RB3 Importer";
				INFOPLIST_KEY_NSHumanReadableCopyright = "";
				INFOPLIST_KEY_NSPrincipalClass = NSApplication;
				MARKETING_VERSION = 1.0;
				PRODUCT_BUNDLE_IDENTIFIER = com.rb3importer.app;
				PRODUCT_NAME = "$(TARGET_NAME)";
				SWIFT_EMIT_LOC_STRINGS = YES;
				SWIFT_VERSION = 5.0;
			};
			name = Release;
		};
/* End XCBuildConfiguration section */

/* Begin XCConfigurationList section */
		CF0B0C920F9044D18EF142A5 /* Build configuration list for PBXProject "RB3Importer" */ = {
			isa = XCConfigurationList;
			buildConfigurations = (
				99BD87FCAC2D4F3C98EB353C /* Debug */,
				18BE2AB34B21475DB92F47D7 /* Release */,
			);
			defaultConfigurationIsVisible = 0;
			defaultConfigurationName = Release;
		};
		4B826CFB9BE244AF9B0E09CC /* Build configuration list for PBXNativeTarget "RB3Importer" */ = {
			isa = XCConfigurationList;
			buildConfigurations = (
				39BBBEE226364490B000A504 /* Debug */,
				486CEF2CDCAB442DAEC087E5 /* Release */,
			);
			defaultConfigurationIsVisible = 0;
			defaultConfigurationName = Release;
		};
/* End XCConfigurationList section */

	};
	rootObject = CB64E051863B4B4397B6B99A /* Project object */;
}
